
Microsoft Visual Studio Solution File, Format Version 12.00
# Visual Studio Version 16
VisualStudioVersion = 16.0.31729.503
MinimumVisualStudioVersion = 10.0.40219.1
Project("{FAE04EC0-301F-11D3-BF4B-00C04F79EFBC}") = "BethanyPieShop", "BethanyPieShop\BethanyPieShop.csproj", "{F9927679-DA2D-4A55-8ED1-B4E992D6F09E}"
EndProject
Global
	GlobalSection(SolutionConfigurationPlatforms) = preSolution
		Debug|Any CPU = Debug|Any CPU
		Release|Any CPU = Release|Any CPU
	EndGlobalSection
	GlobalSection(ProjectConfigurationPlatforms) = postSolution
		{F9927679-DA2D-4A55-8ED1-B4E992D6F09E}.Debug|Any CPU.ActiveCfg = Debug|Any CPU
		{F9927679-DA2D-4A55-8ED1-B4E992D6F09E}.Debug|Any CPU.Build.0 = Debug|Any CPU
		{F9927679-DA2D-4A55-8ED1-B4E992D6F09E}.Release|Any CPU.ActiveCfg = Release|Any CPU
		{F9927679-DA2D-4A55-8ED1-B4E992D6F09E}.Release|Any CPU.Build.0 = Release|Any CPU
	EndGlobalSection
	GlobalSection(SolutionProperties) = preSolution
		HideSolutionNode = FALSE
	EndGlobalSection
	GlobalSection(ExtensibilityGlobals) = postSolution
		SolutionGuid = {0CF6BE40-7DAE-4E6B-9BCD-DF16A921C8CC}
	EndGlobalSection
EndGlobal
